
Microsoft Visual Studio Solution File, Format Version 11.00
# Visual Studio 2010
Project("{FAE04EC0-301F-11D3-BF4B-00C04F79EFBC}") = "WindowsFormsApplication3", "WindowsFormsApplication3.csproj", "{0A91B537-7844-490F-9742-56D3B570F271}"
EndProject
Global
	GlobalSection(TestCaseManagementSettings) = postSolution
		CategoryFile = ..\WindowsFormsApplication3.vsmdi
	EndGlobalSection
	GlobalSection(SolutionConfigurationPlatforms) = preSolution
		Debug|x86 = Debug|x86
		Release|x86 = Release|x86
	EndGlobalSection
	GlobalSection(ProjectConfigurationPlatforms) = postSolution
		{0A91B537-7844-490F-9742-56D3B570F271}.Debug|x86.ActiveCfg = Debug|x86
		{0A91B537-7844-490F-9742-56D3B570F271}.Debug|x86.Build.0 = Debug|x86
		{0A91B537-7844-490F-9742-56D3B570F271}.Release|x86.ActiveCfg = Release|x86
		{0A91B537-7844-490F-9742-56D3B570F271}.Release|x86.Build.0 = Release|x86
	EndGlobalSection
	GlobalSection(SolutionProperties) = preSolution
		HideSolutionNode = FALSE
	EndGlobalSection
EndGlobal
